PODS:
  - DynamicStatistics_OC (0.4.2):
    - SAMKeychain
  - SAMKeychain (1.5.3)

DEPENDENCIES:
  - DynamicStatistics_OC (from `../`)

EXTERNAL SOURCES:
  DynamicStatistics_OC:
    :path: "../"

SPEC CHECKSUMS:
  DynamicStatistics_OC: 70ac26fcc801db3a777d0e956e758476314fdd29
  SAMKeychain: 483e1c9f32984d50ca961e26818a534283b4cd5c

PODFILE CHECKSUM: 7293ef0680f26fa9b89a5a94b8c2fe217e5b7a58

COCOAPODS: 1.1.1
